{
  "nodes": {
    "dolphin-emu-nix": {
      "inputs": {
        "dolphin-emu-src": "dolphin-emu-src",
        "flake-parts": "flake-parts",
        "nixpkgs": "nixpkgs"
      },
      "locked": {
        "lastModified": 1682258791,
        "narHash": "sha256-Ma59hoidmsMHHhVEC9q1jFKYKhTJOxBl7eKAWQocxPk=",
        "owner": "matthewcroughan",
        "repo": "dolphin-emu-nix",
        "rev": "3dfb379d81f8e07aeb9ea1c34e06618af4958d1b",
        "type": "github"
      },
      "original": {
        "owner": "matthewcroughan",
        "repo": "dolphin-emu-nix",
        "type": "github"
      }
    },
    "dolphin-emu-src": {
      "flake": false,
      "locked": {
        "lastModified": 1682258535,
        "narHash": "sha256-jI/ylPC7qfMipTs0CNHzcsfiFV6IFyCqp3KgCSpO6vY=",
        "ref": "refs/heads/master",
        "rev": "653be9e45d2b22ae67ad3c82664fa14cbc408866",
        "revCount": 39688,
        "submodules": true,
        "type": "git",
        "url": "https://github.com/dolphin-emu/dolphin.git"
      },
      "original": {
        "submodules": true,
        "type": "git",
        "url": "https://github.com/dolphin-emu/dolphin.git"
      }
    },
    "flake-compat": {
      "flake": false,
      "locked": {
        "lastModified": 1696426674,
        "narHash": "sha256-kvjfFW7WAETZlt09AgDn1MrtKzP7t90Vf7vypd3OL1U=",
        "owner": "edolstra",
        "repo": "flake-compat",
        "rev": "0f9255e01c2351cc7d116c072cb317785dd33b33",
        "type": "github"
      },
      "original": {
        "owner": "edolstra",
        "repo": "flake-compat",
        "type": "github"
      }
    },
    "flake-compat_2": {
      "flake": false,
      "locked": {
        "lastModified": 1673956053,
        "narHash": "sha256-4gtG9iQuiKITOjNQQeQIpoIB6b16fm+504Ch3sNKLd8=",
        "owner": "edolstra",
        "repo": "flake-compat",
        "rev": "35bb57c0c8d8b62bbfd284272c928ceb64ddbde9",
        "type": "github"
      },
      "original": {
        "owner": "edolstra",
        "repo": "flake-compat",
        "type": "github"
      }
    },
    "flake-parts": {
      "inputs": {
        "nixpkgs-lib": "nixpkgs-lib"
      },
      "locked": {
        "lastModified": 1680392223,
        "narHash": "sha256-n3g7QFr85lDODKt250rkZj2IFS3i4/8HBU2yKHO3tqw=",
        "owner": "hercules-ci",
        "repo": "flake-parts",
        "rev": "dcc36e45d054d7bb554c9cdab69093debd91a0b5",
        "type": "github"
      },
      "original": {
        "owner": "hercules-ci",
        "repo": "flake-parts",
        "type": "github"
      }
    },
    "flake-utils": {
      "inputs": {
        "systems": "systems"
      },
      "locked": {
        "lastModified": 1701680307,
        "narHash": "sha256-kAuep2h5ajznlPMD9rnQyffWG8EM/C73lejGofXvdM8=",
        "owner": "numtide",
        "repo": "flake-utils",
        "rev": "4022d587cbbfd70fe950c1e2083a02621806a725",
        "type": "github"
      },
      "original": {
        "owner": "numtide",
        "repo": "flake-utils",
        "type": "github"
      }
    },
    "flake-utils_2": {
      "inputs": {
        "systems": "systems_2"
      },
      "locked": {
        "lastModified": 1701680307,
        "narHash": "sha256-kAuep2h5ajznlPMD9rnQyffWG8EM/C73lejGofXvdM8=",
        "owner": "numtide",
        "repo": "flake-utils",
        "rev": "4022d587cbbfd70fe950c1e2083a02621806a725",
        "type": "github"
      },
      "original": {
        "owner": "numtide",
        "repo": "flake-utils",
        "type": "github"
      }
    },
    "flake-utils_3": {
      "inputs": {
        "systems": "systems_3"
      },
      "locked": {
        "lastModified": 1701680307,
        "narHash": "sha256-kAuep2h5ajznlPMD9rnQyffWG8EM/C73lejGofXvdM8=",
        "owner": "numtide",
        "repo": "flake-utils",
        "rev": "4022d587cbbfd70fe950c1e2083a02621806a725",
        "type": "github"
      },
      "original": {
        "owner": "numtide",
        "repo": "flake-utils",
        "type": "github"
      }
    },
    "flake-utils_4": {
      "inputs": {
        "systems": "systems_4"
      },
      "locked": {
        "lastModified": 1685518550,
        "narHash": "sha256-o2d0KcvaXzTrPRIo0kOLV0/QXHhDQ5DTi+OxcjO8xqY=",
        "owner": "numtide",
        "repo": "flake-utils",
        "rev": "a1720a10a6cfe8234c0e93907ffe81be440f4cef",
        "type": "github"
      },
      "original": {
        "owner": "numtide",
        "repo": "flake-utils",
        "type": "github"
      }
    },
    "gitignore": {
      "inputs": {
        "nixpkgs": [
          "nvim-nixified",
          "nixvim",
          "pre-commit-hooks",
          "nixpkgs"
        ]
      },
      "locked": {
        "lastModified": 1660459072,
        "narHash": "sha256-8DFJjXG8zqoONA1vXtgeKXy68KdJL5UaXR8NtVMUbx8=",
        "owner": "hercules-ci",
        "repo": "gitignore.nix",
        "rev": "a20de23b925fd8264fd7fad6454652e142fd7f73",
        "type": "github"
      },
      "original": {
        "owner": "hercules-ci",
        "repo": "gitignore.nix",
        "type": "github"
      }
    },
    "home-manager": {
      "inputs": {
        "nixpkgs": [
          "nixpkgs"
        ]
      },
      "locked": {
        "lastModified": 1703178811,
        "narHash": "sha256-Orbqa8DvszYZ38XGWAs43hVs++czt2N6/Y0sFRLhJms=",
        "owner": "nix-community",
        "repo": "home-manager",
        "rev": "fb5ac0c870a1b3ffea70e02ab1720d991ce812ae",
        "type": "github"
      },
      "original": {
        "owner": "nix-community",
        "repo": "home-manager",
        "type": "github"
      }
    },
    "home-manager-old": {
      "inputs": {
        "nixpkgs": [
          "nixpkgs"
        ],
        "utils": "utils"
      },
      "locked": {
        "lastModified": 1685325875,
        "narHash": "sha256-tevlLIMPeVNNYPd9UgjHApAUoFAnw9iohqUyj+LPp88=",
        "owner": "nix-community",
        "repo": "home-manager",
        "rev": "b372d7f8d5518aaba8a4058a453957460481afbc",
        "type": "github"
      },
      "original": {
        "owner": "nix-community",
        "ref": "release-22.11",
        "repo": "home-manager",
        "type": "github"
      }
    },
    "nixos-wsl": {
      "inputs": {
        "flake-compat": "flake-compat",
        "flake-utils": "flake-utils",
        "nixpkgs": [
          "nixpkgs-old"
        ]
      },
      "locked": {
        "lastModified": 1703211095,
        "narHash": "sha256-Mne3a6cP3XJrWxrCXtz5XkfC+9NQsMV/QpOESvjKt6c=",
        "owner": "nix-community",
        "repo": "NixOS-WSL",
        "rev": "04816e47a012515f45a2e5d491a558b538806d74",
        "type": "github"
      },
      "original": {
        "owner": "nix-community",
        "repo": "NixOS-WSL",
        "type": "github"
      }
    },
    "nixpkgs": {
      "locked": {
        "lastModified": 1682181988,
        "narHash": "sha256-CYWhlNi16cjGzMby9h57gpYE59quBcsHPXiFgX4Sw5k=",
        "owner": "nixos",
        "repo": "nixpkgs",
        "rev": "6c43a3495a11e261e5f41e5d7eda2d71dae1b2fe",
        "type": "github"
      },
      "original": {
        "owner": "nixos",
        "ref": "nixos-unstable",
        "repo": "nixpkgs",
        "type": "github"
      }
    },
    "nixpkgs-lib": {
      "locked": {
        "dir": "lib",
        "lastModified": 1680213900,
        "narHash": "sha256-cIDr5WZIj3EkKyCgj/6j3HBH4Jj1W296z7HTcWj1aMA=",
        "owner": "NixOS",
        "repo": "nixpkgs",
        "rev": "e3652e0735fbec227f342712f180f4f21f0594f2",
        "type": "github"
      },
      "original": {
        "dir": "lib",
        "owner": "NixOS",
        "ref": "nixos-unstable",
        "repo": "nixpkgs",
        "type": "github"
      }
    },
    "nixpkgs-old": {
      "locked": {
        "lastModified": 1688392541,
        "narHash": "sha256-lHrKvEkCPTUO+7tPfjIcb7Trk6k31rz18vkyqmkeJfY=",
        "owner": "nixos",
        "repo": "nixpkgs",
        "rev": "ea4c80b39be4c09702b0cb3b42eab59e2ba4f24b",
        "type": "github"
      },
      "original": {
        "owner": "nixos",
        "ref": "nixos-22.11",
        "repo": "nixpkgs",
        "type": "github"
      }
    },
    "nixpkgs-stable": {
      "locked": {
        "lastModified": 1685801374,
        "narHash": "sha256-otaSUoFEMM+LjBI1XL/xGB5ao6IwnZOXc47qhIgJe8U=",
        "owner": "NixOS",
        "repo": "nixpkgs",
        "rev": "c37ca420157f4abc31e26f436c1145f8951ff373",
        "type": "github"
      },
      "original": {
        "owner": "NixOS",
        "ref": "nixos-23.05",
        "repo": "nixpkgs",
        "type": "github"
      }
    },
    "nixpkgs_2": {
      "locked": {
        "lastModified": 1703013332,
        "narHash": "sha256-+tFNwMvlXLbJZXiMHqYq77z/RfmpfpiI3yjL6o/Zo9M=",
        "owner": "nixos",
        "repo": "nixpkgs",
        "rev": "54aac082a4d9bb5bbc5c4e899603abfb76a3f6d6",
        "type": "github"
      },
      "original": {
        "owner": "nixos",
        "ref": "nixos-unstable",
        "repo": "nixpkgs",
        "type": "github"
      }
    },
    "nixpkgs_3": {
      "locked": {
        "lastModified": 1701436327,
        "narHash": "sha256-tRHbnoNI8SIM5O5xuxOmtSLnswEByzmnQcGGyNRjxsE=",
        "owner": "NixOS",
        "repo": "nixpkgs",
        "rev": "91050ea1e57e50388fa87a3302ba12d188ef723a",
        "type": "github"
      },
      "original": {
        "owner": "NixOS",
        "ref": "nixos-unstable",
        "repo": "nixpkgs",
        "type": "github"
      }
    },
    "nixvim": {
      "inputs": {
        "flake-utils": "flake-utils_3",
        "nixpkgs": [
          "nvim-nixified",
          "nixpkgs"
        ],
        "pre-commit-hooks": "pre-commit-hooks"
      },
      "locked": {
        "lastModified": 1701879058,
        "narHash": "sha256-cOHIndHbXJ69DeYpa3srPBmAa+MuJhq1RgF1J1I3c3s=",
        "owner": "nix-community",
        "repo": "nixvim",
        "rev": "032f697da6ae830460095f881644da650f17a967",
        "type": "github"
      },
      "original": {
        "owner": "nix-community",
        "repo": "nixvim",
        "type": "github"
      }
    },
    "nvim-lspconfig": {
      "flake": false,
      "locked": {
        "lastModified": 1701857305,
        "narHash": "sha256-nKoRfCuBdyn9CxWgCBZGCmRAKkd5RHr1Ig2ArIhfBjM=",
        "owner": "neovim",
        "repo": "nvim-lspconfig",
        "rev": "6c797ff9324094e333e2ace9526ca4a62ad9d1ca",
        "type": "github"
      },
      "original": {
        "owner": "neovim",
        "repo": "nvim-lspconfig",
        "type": "github"
      }
    },
    "nvim-nixified": {
      "inputs": {
        "flake-utils": "flake-utils_2",
        "nixpkgs": "nixpkgs_3",
        "nixvim": "nixvim",
        "nvim-lspconfig": "nvim-lspconfig"
      },
      "locked": {
        "lastModified": 1702342362,
        "narHash": "sha256-OHIE073uhcxpOTxXbUK0yp/ycXh1dMVdNGRAN5mWzVw=",
        "owner": "garaiza-93",
        "repo": "nvim-nixified",
        "rev": "a4731452231b34107e2f85a2059173a9a65be9ed",
        "type": "github"
      },
      "original": {
        "owner": "garaiza-93",
        "repo": "nvim-nixified",
        "type": "github"
      }
    },
    "polybar-master": {
      "flake": false,
      "locked": {
        "lastModified": 1701102983,
        "narHash": "sha256-QTtpRWXoIOz5mJLR5livvjH/+Fg2xFGBVNRXxRJKtYA=",
        "ref": "refs/heads/master",
        "rev": "b4d8be590b8896042aa43f7622df6982ca2d670d",
        "revCount": 2294,
        "submodules": true,
        "type": "git",
        "url": "https://github.com/polybar/polybar.git"
      },
      "original": {
        "submodules": true,
        "type": "git",
        "url": "https://github.com/polybar/polybar.git"
      }
    },
    "pre-commit-hooks": {
      "inputs": {
        "flake-compat": "flake-compat_2",
        "flake-utils": "flake-utils_4",
        "gitignore": "gitignore",
        "nixpkgs": [
          "nvim-nixified",
          "nixvim",
          "nixpkgs"
        ],
        "nixpkgs-stable": "nixpkgs-stable"
      },
      "locked": {
        "lastModified": 1700922917,
        "narHash": "sha256-ej2fch/T584b5K9sk1UhmZF7W6wEfDHuoUYpFN8dtvM=",
        "owner": "cachix",
        "repo": "pre-commit-hooks.nix",
        "rev": "e5ee5c5f3844550c01d2131096c7271cec5e9b78",
        "type": "github"
      },
      "original": {
        "owner": "cachix",
        "repo": "pre-commit-hooks.nix",
        "type": "github"
      }
    },
    "root": {
      "inputs": {
        "dolphin-emu-nix": "dolphin-emu-nix",
        "home-manager": "home-manager",
        "home-manager-old": "home-manager-old",
        "nixos-wsl": "nixos-wsl",
        "nixpkgs": "nixpkgs_2",
        "nixpkgs-old": "nixpkgs-old",
        "nvim-nixified": "nvim-nixified",
        "polybar-master": "polybar-master",
        "steamtinkerlaunch-master": "steamtinkerlaunch-master"
      }
    },
    "steamtinkerlaunch-master": {
      "flake": false,
      "locked": {
        "lastModified": 1702314748,
        "narHash": "sha256-iz2CCvIPWQJKi5vT6kB9dZxSlysSIV4e1KvA9wFE53s=",
        "ref": "refs/heads/master",
        "rev": "9366dd440fe11bf43412e9fb1c3a35290a1ee61f",
        "revCount": 1352,
        "type": "git",
        "url": "https://github.com/sonic2kk/steamtinkerlaunch.git"
      },
      "original": {
        "type": "git",
        "url": "https://github.com/sonic2kk/steamtinkerlaunch.git"
      }
    },
    "systems": {
      "locked": {
        "lastModified": 1681028828,
        "narHash": "sha256-Vy1rq5AaRuLzOxct8nz4T6wlgyUR7zLU309k9mBC768=",
        "owner": "nix-systems",
        "repo": "default",
        "rev": "da67096a3b9bf56a91d16901293e51ba5b49a27e",
        "type": "github"
      },
      "original": {
        "owner": "nix-systems",
        "repo": "default",
        "type": "github"
      }
    },
    "systems_2": {
      "locked": {
        "lastModified": 1681028828,
        "narHash": "sha256-Vy1rq5AaRuLzOxct8nz4T6wlgyUR7zLU309k9mBC768=",
        "owner": "nix-systems",
        "repo": "default",
        "rev": "da67096a3b9bf56a91d16901293e51ba5b49a27e",
        "type": "github"
      },
      "original": {
        "owner": "nix-systems",
        "repo": "default",
        "type": "github"
      }
    },
    "systems_3": {
      "locked": {
        "lastModified": 1681028828,
        "narHash": "sha256-Vy1rq5AaRuLzOxct8nz4T6wlgyUR7zLU309k9mBC768=",
        "owner": "nix-systems",
        "repo": "default",
        "rev": "da67096a3b9bf56a91d16901293e51ba5b49a27e",
        "type": "github"
      },
      "original": {
        "owner": "nix-systems",
        "repo": "default",
        "type": "github"
      }
    },
    "systems_4": {
      "locked": {
        "lastModified": 1681028828,
        "narHash": "sha256-Vy1rq5AaRuLzOxct8nz4T6wlgyUR7zLU309k9mBC768=",
        "owner": "nix-systems",
        "repo": "default",
        "rev": "da67096a3b9bf56a91d16901293e51ba5b49a27e",
        "type": "github"
      },
      "original": {
        "owner": "nix-systems",
        "repo": "default",
        "type": "github"
      }
    },
    "utils": {
      "locked": {
        "lastModified": 1667395993,
        "narHash": "sha256-nuEHfE/LcWyuSWnS8t12N1wc105Qtau+/OdUAjtQ0rA=",
        "owner": "numtide",
        "repo": "flake-utils",
        "rev": "5aed5285a952e0b949eb3ba02c12fa4fcfef535f",
        "type": "github"
      },
      "original": {
        "owner": "numtide",
        "repo": "flake-utils",
        "type": "github"
      }
    }
  },
  "root": "root",
  "version": 7
}
