{
  "nodes": {
    "flake-compat": {
      "flake": false,
      "locked": {
        "lastModified": 1673956053,
        "narHash": "sha256-4gtG9iQuiKITOjNQQeQIpoIB6b16fm+504Ch3sNKLd8=",
        "owner": "edolstra",
        "repo": "flake-compat",
        "rev": "35bb57c0c8d8b62bbfd284272c928ceb64ddbde9",
        "type": "github"
      },
      "original": {
        "owner": "edolstra",
        "repo": "flake-compat",
        "type": "github"
      }
    },
    "flake-utils": {
      "locked": {
        "lastModified": 1667395993,
        "narHash": "sha256-nuEHfE/LcWyuSWnS8t12N1wc105Qtau+/OdUAjtQ0rA=",
        "owner": "numtide",
        "repo": "flake-utils",
        "rev": "5aed5285a952e0b949eb3ba02c12fa4fcfef535f",
        "type": "github"
      },
      "original": {
        "owner": "numtide",
        "repo": "flake-utils",
        "type": "github"
      }
    },
    "home-manager": {
      "inputs": {
        "nixpkgs": [
          "nixpkgs"
        ],
        "utils": "utils"
      },
      "locked": {
        "lastModified": 1675935446,
        "narHash": "sha256-WajulTn7QdwC7QuXRBavrANuIXE5z+08EdxdRw1qsNs=",
        "owner": "nix-community",
        "repo": "home-manager",
        "rev": "2dce7f1a55e785a22d61668516df62899278c9e4",
        "type": "github"
      },
      "original": {
        "owner": "nix-community",
        "repo": "home-manager",
        "type": "github"
      }
    },
    "nixos-wsl": {
      "inputs": {
        "flake-compat": "flake-compat",
        "flake-utils": "flake-utils",
        "nixpkgs": [
          "nixpkgs-old"
        ]
      },
      "locked": {
        "lastModified": 1676126384,
        "narHash": "sha256-3aAnN891Cb1pizewAgaHIo3W1WbAjXtoWuX8n3j8YoI=",
        "owner": "nix-community",
        "repo": "NixOS-WSL",
        "rev": "a1c7e8bebac32cfac7aa8498bdfc60cbff13eb50",
        "type": "github"
      },
      "original": {
        "owner": "nix-community",
        "repo": "NixOS-WSL",
        "type": "github"
      }
    },
    "nixpkgs": {
      "locked": {
        "lastModified": 1676110339,
        "narHash": "sha256-kOS/L8OOL2odpCOM11IevfHxcUeE0vnZUQ74EOiwXcs=",
        "owner": "nixos",
        "repo": "nixpkgs",
        "rev": "e5530aba13caff5a4f41713f1265b754dc2abfd8",
        "type": "github"
      },
      "original": {
        "owner": "nixos",
        "ref": "nixos-unstable",
        "repo": "nixpkgs",
        "type": "github"
      }
    },
    "nixpkgs-old": {
      "locked": {
        "lastModified": 1676253841,
        "narHash": "sha256-jhuI8Mmky8VCD45OoJEuF6HdPLFBwNrHA0ljjZ/zkfw=",
        "owner": "nixos",
        "repo": "nixpkgs",
        "rev": "a45a8916243a7d27acc358f4fc18c4491f3eeca8",
        "type": "github"
      },
      "original": {
        "owner": "nixos",
        "ref": "nixos-22.11",
        "repo": "nixpkgs",
        "type": "github"
      }
    },
    "polybar-master": {
      "flake": false,
      "locked": {
        "lastModified": 1672953068,
        "narHash": "sha256-HXtnnfkMX79Mf498Oq9qYYVJyRLFT8O65V0WSMbEyXs=",
        "ref": "refs/heads/master",
        "rev": "fc423c092143464062f77b83f78328e8ca96694a",
        "revCount": 2138,
        "submodules": true,
        "type": "git",
        "url": "https://github.com/polybar/polybar.git"
      },
      "original": {
        "submodules": true,
        "type": "git",
        "url": "https://github.com/polybar/polybar.git"
      }
    },
    "root": {
      "inputs": {
        "home-manager": "home-manager",
        "nixos-wsl": "nixos-wsl",
        "nixpkgs": "nixpkgs",
        "nixpkgs-old": "nixpkgs-old",
        "polybar-master": "polybar-master",
        "tokyo-night-gtk": "tokyo-night-gtk"
      }
    },
    "tokyo-night-gtk": {
      "flake": false,
      "locked": {
        "lastModified": 1673979907,
        "narHash": "sha256-90V55pRfgiaP1huhD+3456ziJ2EU24iNQHt5Ro+g+M0=",
        "owner": "Fausto-Korpsvart",
        "repo": "Tokyo-Night-GTK-Theme",
        "rev": "f7ae3421ac0d415ca57fb6224e093e12b8a980bb",
        "type": "github"
      },
      "original": {
        "owner": "Fausto-Korpsvart",
        "repo": "Tokyo-Night-GTK-Theme",
        "type": "github"
      }
    },
    "utils": {
      "locked": {
        "lastModified": 1667395993,
        "narHash": "sha256-nuEHfE/LcWyuSWnS8t12N1wc105Qtau+/OdUAjtQ0rA=",
        "owner": "numtide",
        "repo": "flake-utils",
        "rev": "5aed5285a952e0b949eb3ba02c12fa4fcfef535f",
        "type": "github"
      },
      "original": {
        "owner": "numtide",
        "repo": "flake-utils",
        "type": "github"
      }
    }
  },
  "root": "root",
  "version": 7
}
